// !$*UTF8*$!
{
	archiveVersion = 1;
	classes = {
	};
	objectVersion = 50;
	objects = {

/* Begin PBXBuildFile section */
		AE06991E22850D9300E53797 /* AppDelegate.swift in Sources */ = {isa = PBXBuildFile; fileRef = AE06991D22850D9300E53797 /* AppDelegate.swift */; };
		AE06992022850D9300E53797 /* ViewController.swift in Sources */ = {isa = PBXBuildFile; fileRef = AE06991F22850D9300E53797 /* ViewController.swift */; };
		AE06992222850D9400E53797 /* Assets.xcassets in Resources */ = {isa = PBXBuildFile; fileRef = AE06992122850D9400E53797 /* Assets.xcassets */; };
		AE06992522850D9400E53797 /* Main.storyboard in Resources */ = {isa = PBXBuildFile; fileRef = AE06992322850D9400E53797 /* Main.storyboard */; };
		AE06992E2285134800E53797 /* LoginWindowController.swift in Sources */ = {isa = PBXBuildFile; fileRef = AE06992D2285134800E53797 /* LoginWindowController.swift */; };
		AE06993022851B3700E53797 /* LoginAvatarButton.swift in Sources */ = {isa = PBXBuildFile; fileRef = AE06992F22851B3700E53797 /* LoginAvatarButton.swift */; };
		AE2C68652292439B0031678C /* LoginAccountField.swift in Sources */ = {isa = PBXBuildFile; fileRef = AE2C68642292439B0031678C /* LoginAccountField.swift */; };
		AE2C68672292456F0031678C /* LoginPwdField.swift in Sources */ = {isa = PBXBuildFile; fileRef = AE2C68662292456F0031678C /* LoginPwdField.swift */; };
		AE2C686922925C730031678C /* SettingViewController.swift in Sources */ = {isa = PBXBuildFile; fileRef = AE2C686822925C730031678C /* SettingViewController.swift */; };
		AE2C686D2292AE320031678C /* 登录状态切换的音效.mp3 in Resources */ = {isa = PBXBuildFile; fileRef = AE2C686C2292AE320031678C /* 登录状态切换的音效.mp3 */; };
		AE2C68702292EBB00031678C /* LoginUserItem.swift in Sources */ = {isa = PBXBuildFile; fileRef = AE2C686E2292EBB00031678C /* LoginUserItem.swift */; };
		AE2C68712292EBB00031678C /* LoginUserItem.xib in Resources */ = {isa = PBXBuildFile; fileRef = AE2C686F2292EBB00031678C /* LoginUserItem.xib */; };
		AE2C68732292EC490031678C /* LoginUserItemModel.swift in Sources */ = {isa = PBXBuildFile; fileRef = AE2C68722292EC490031678C /* LoginUserItemModel.swift */; };
/* End PBXBuildFile section */

/* Begin PBXFileReference section */
		AE06991A22850D9300E53797 /* MyQQ.app */ = {isa = PBXFileReference; explicitFileType = wrapper.application; includeInIndex = 0; path = MyQQ.app; sourceTree = BUILT_PRODUCTS_DIR; };
		AE06991D22850D9300E53797 /* AppDelegate.swift */ = {isa = PBXFileReference; lastKnownFileType = sourcecode.swift; path = AppDelegate.swift; sourceTree = "<group>"; };
		AE06991F22850D9300E53797 /* ViewController.swift */ = {isa = PBXFileReference; lastKnownFileType = sourcecode.swift; path = ViewController.swift; sourceTree = "<group>"; };
		AE06992122850D9400E53797 /* Assets.xcassets */ = {isa = PBXFileReference; lastKnownFileType = folder.assetcatalog; path = Assets.xcassets; sourceTree = "<group>"; };
		AE06992422850D9400E53797 /* Base */ = {isa = PBXFileReference; lastKnownFileType = file.storyboard; name = Base; path = Base.lproj/Main.storyboard; sourceTree = "<group>"; };
		AE06992622850D9400E53797 /* Info.plist */ = {isa = PBXFileReference; lastKnownFileType = text.plist.xml; path = Info.plist; sourceTree = "<group>"; };
		AE06992722850D9400E53797 /* MyQQ.entitlements */ = {isa = PBXFileReference; lastKnownFileType = text.plist.entitlements; path = MyQQ.entitlements; sourceTree = "<group>"; };
		AE06992D2285134800E53797 /* LoginWindowController.swift */ = {isa = PBXFileReference; lastKnownFileType = sourcecode.swift; path = LoginWindowController.swift; sourceTree = "<group>"; };
		AE06992F22851B3700E53797 /* LoginAvatarButton.swift */ = {isa = PBXFileReference; lastKnownFileType = sourcecode.swift; path = LoginAvatarButton.swift; sourceTree = "<group>"; };
		AE2C68642292439B0031678C /* LoginAccountField.swift */ = {isa = PBXFileReference; lastKnownFileType = sourcecode.swift; path = LoginAccountField.swift; sourceTree = "<group>"; };
		AE2C68662292456F0031678C /* LoginPwdField.swift */ = {isa = PBXFileReference; lastKnownFileType = sourcecode.swift; path = LoginPwdField.swift; sourceTree = "<group>"; };
		AE2C686822925C730031678C /* SettingViewController.swift */ = {isa = PBXFileReference; lastKnownFileType = sourcecode.swift; path = SettingViewController.swift; sourceTree = "<group>"; };
		AE2C686C2292AE320031678C /* 登录状态切换的音效.mp3 */ = {isa = PBXFileReference; lastKnownFileType = audio.mp3; path = "登录状态切换的音效.mp3"; sourceTree = "<group>"; };
		AE2C686E2292EBB00031678C /* LoginUserItem.swift */ = {isa = PBXFileReference; lastKnownFileType = sourcecode.swift; path = LoginUserItem.swift; sourceTree = "<group>"; };
		AE2C686F2292EBB00031678C /* LoginUserItem.xib */ = {isa = PBXFileReference; lastKnownFileType = file.xib; path = LoginUserItem.xib; sourceTree = "<group>"; };
		AE2C68722292EC490031678C /* LoginUserItemModel.swift */ = {isa = PBXFileReference; lastKnownFileType = sourcecode.swift; path = LoginUserItemModel.swift; sourceTree = "<group>"; };
/* End PBXFileReference section */

/* Begin PBXFrameworksBuildPhase section */
		AE06991722850D9300E53797 /* Frameworks */ = {
			isa = PBXFrameworksBuildPhase;
			buildActionMask = 2147483647;
			files = (
			);
			runOnlyForDeploymentPostprocessing = 0;
		};
/* End PBXFrameworksBuildPhase section */

/* Begin PBXGroup section */
		AE06991122850D9200E53797 = {
			isa = PBXGroup;
			children = (
				AE06991C22850D9300E53797 /* MyQQ */,
				AE06991B22850D9300E53797 /* Products */,
			);
			sourceTree = "<group>";
		};
		AE06991B22850D9300E53797 /* Products */ = {
			isa = PBXGroup;
			children = (
				AE06991A22850D9300E53797 /* MyQQ.app */,
			);
			name = Products;
			sourceTree = "<group>";
		};
		AE06991C22850D9300E53797 /* MyQQ */ = {
			isa = PBXGroup;
			children = (
				AE06991D22850D9300E53797 /* AppDelegate.swift */,
				AE06991F22850D9300E53797 /* ViewController.swift */,
				AE2C686822925C730031678C /* SettingViewController.swift */,
				AE06992D2285134800E53797 /* LoginWindowController.swift */,
				AE06992F22851B3700E53797 /* LoginAvatarButton.swift */,
				AE2C68642292439B0031678C /* LoginAccountField.swift */,
				AE2C68662292456F0031678C /* LoginPwdField.swift */,
				AE2C686E2292EBB00031678C /* LoginUserItem.swift */,
				AE2C686F2292EBB00031678C /* LoginUserItem.xib */,
				AE2C68722292EC490031678C /* LoginUserItemModel.swift */,
				AE06992122850D9400E53797 /* Assets.xcassets */,
				AE06992322850D9400E53797 /* Main.storyboard */,
				AE06992622850D9400E53797 /* Info.plist */,
				AE06992722850D9400E53797 /* MyQQ.entitlements */,
				AE2C686C2292AE320031678C /* 登录状态切换的音效.mp3 */,
			);
			path = MyQQ;
			sourceTree = "<group>";
		};
/* End PBXGroup section */

/* Begin PBXNativeTarget section */
		AE06991922850D9300E53797 /* MyQQ */ = {
			isa = PBXNativeTarget;
			buildConfigurationList = AE06992A22850D9400E53797 /* Build configuration list for PBXNativeTarget "MyQQ" */;
			buildPhases = (
				AE06991622850D9300E53797 /* Sources */,
				AE06991722850D9300E53797 /* Frameworks */,
				AE06991822850D9300E53797 /* Resources */,
			);
			buildRules = (
			);
			dependencies = (
			);
			name = MyQQ;
			productName = MyQQ;
			productReference = AE06991A22850D9300E53797 /* MyQQ.app */;
			productType = "com.apple.product-type.application";
		};
/* End PBXNativeTarget section */

/* Begin PBXProject section */
		AE06991222850D9200E53797 /* Project object */ = {
			isa = PBXProject;
			attributes = {
				LastSwiftUpdateCheck = 1020;
				LastUpgradeCheck = 1020;
				ORGANIZATIONNAME = Rion;
				TargetAttributes = {
					AE06991922850D9300E53797 = {
						CreatedOnToolsVersion = 10.2.1;
						SystemCapabilities = {
							com.apple.ApplicationGroups.Mac = {
								enabled = 0;
							};
							com.apple.Sandbox = {
								enabled = 0;
							};
						};
					};
				};
			};
			buildConfigurationList = AE06991522850D9200E53797 /* Build configuration list for PBXProject "MyQQ" */;
			compatibilityVersion = "Xcode 9.3";
			developmentRegion = en;
			hasScannedForEncodings = 0;
			knownRegions = (
				en,
				Base,
			);
			mainGroup = AE06991122850D9200E53797;
			productRefGroup = AE06991B22850D9300E53797 /* Products */;
			projectDirPath = "";
			projectRoot = "";
			targets = (
				AE06991922850D9300E53797 /* MyQQ */,
			);
		};
/* End PBXProject section */

/* Begin PBXResourcesBuildPhase section */
		AE06991822850D9300E53797 /* Resources */ = {
			isa = PBXResourcesBuildPhase;
			buildActionMask = 2147483647;
			files = (
				AE06992222850D9400E53797 /* Assets.xcassets in Resources */,
				AE2C68712292EBB00031678C /* LoginUserItem.xib in Resources */,
				AE06992522850D9400E53797 /* Main.storyboard in Resources */,
				AE2C686D2292AE320031678C /* 登录状态切换的音效.mp3 in Resources */,
			);
			runOnlyForDeploymentPostprocessing = 0;
		};
/* End PBXResourcesBuildPhase section */

/* Begin PBXSourcesBuildPhase section */
		AE06991622850D9300E53797 /* Sources */ = {
			isa = PBXSourcesBuildPhase;
			buildActionMask = 2147483647;
			files = (
				AE06992022850D9300E53797 /* ViewController.swift in Sources */,
				AE06992E2285134800E53797 /* LoginWindowController.swift in Sources */,
				AE2C68652292439B0031678C /* LoginAccountField.swift in Sources */,
				AE06993022851B3700E53797 /* LoginAvatarButton.swift in Sources */,
				AE2C68672292456F0031678C /* LoginPwdField.swift in Sources */,
				AE2C68702292EBB00031678C /* LoginUserItem.swift in Sources */,
				AE2C68732292EC490031678C /* LoginUserItemModel.swift in Sources */,
				AE2C686922925C730031678C /* SettingViewController.swift in Sources */,
				AE06991E22850D9300E53797 /* AppDelegate.swift in Sources */,
			);
			runOnlyForDeploymentPostprocessing = 0;
		};
/* End PBXSourcesBuildPhase section */

/* Begin PBXVariantGroup section */
		AE06992322850D9400E53797 /* Main.storyboard */ = {
			isa = PBXVariantGroup;
			children = (
				AE06992422850D9400E53797 /* Base */,
			);
			name = Main.storyboard;
			sourceTree = "<group>";
		};
/* End PBXVariantGroup section */

/* Begin XCBuildConfiguration section */
		AE06992822850D9400E53797 /* Debug */ = {
			isa = XCBuildConfiguration;
			buildSettings = {
				ALWAYS_SEARCH_USER_PATHS = NO;
				CLANG_ANALYZER_NONNULL = YES;
				CLANG_ANALYZER_NUMBER_OBJECT_CONVERSION = YES_AGGRESSIVE;
				CLANG_CXX_LANGUAGE_STANDARD = "gnu++14";
				CLANG_CXX_LIBRARY = "libc++";
				CLANG_ENABLE_MODULES = YES;
				CLANG_ENABLE_OBJC_ARC = YES;
				CLANG_ENABLE_OBJC_WEAK = YES;
				CLANG_WARN_BLOCK_CAPTURE_AUTORELEASING = YES;
				CLANG_WARN_BOOL_CONVERSION = YES;
				CLANG_WARN_COMMA = YES;
				CLANG_WARN_CONSTANT_CONVERSION = YES;
				CLANG_WARN_DEPRECATED_OBJC_IMPLEMENTATIONS = YES;
				CLANG_WARN_DIRECT_OBJC_ISA_USAGE = YES_ERROR;
				CLANG_WARN_DOCUMENTATION_COMMENTS = YES;
				CLANG_WARN_EMPTY_BODY = YES;
				CLANG_WARN_ENUM_CONVERSION = YES;
				CLANG_WARN_INFINITE_RECURSION = YES;
				CLANG_WARN_INT_CONVERSION = YES;
				CLANG_WARN_NON_LITERAL_NULL_CONVERSION = YES;
				CLANG_WARN_OBJC_IMPLICIT_RETAIN_SELF = YES;
				CLANG_WARN_OBJC_LITERAL_CONVERSION = YES;
				CLANG_WARN_OBJC_ROOT_CLASS = YES_ERROR;
				CLANG_WARN_RANGE_LOOP_ANALYSIS = YES;
				CLANG_WARN_STRICT_PROTOTYPES = YES;
				CLANG_WARN_SUSPICIOUS_MOVE = YES;
				CLANG_WARN_UNGUARDED_AVAILABILITY = YES_AGGRESSIVE;
				CLANG_WARN_UNREACHABLE_CODE = YES;
				CLANG_WARN__DUPLICATE_METHOD_MATCH = YES;
				CODE_SIGN_IDENTITY = "Mac Developer";
				COPY_PHASE_STRIP = NO;
				DEBUG_INFORMATION_FORMAT = dwarf;
				ENABLE_STRICT_OBJC_MSGSEND = YES;
				ENABLE_TESTABILITY = YES;
				GCC_C_LANGUAGE_STANDARD = gnu11;
				GCC_DYNAMIC_NO_PIC = NO;
				GCC_NO_COMMON_BLOCKS = YES;
				GCC_OPTIMIZATION_LEVEL = 0;
				GCC_PREPROCESSOR_DEFINITIONS = (
					"DEBUG=1",
					"$(inherited)",
				);
				GCC_WARN_64_TO_32_BIT_CONVERSION = YES;
				GCC_WARN_ABOUT_RETURN_TYPE = YES_ERROR;
				GCC_WARN_UNDECLARED_SELECTOR = YES;
				GCC_WARN_UNINITIALIZED_AUTOS = YES_AGGRESSIVE;
				GCC_WARN_UNUSED_FUNCTION = YES;
				GCC_WARN_UNUSED_VARIABLE = YES;
				MACOSX_DEPLOYMENT_TARGET = 10.14;
				MTL_ENABLE_DEBUG_INFO = INCLUDE_SOURCE;
				MTL_FAST_MATH = YES;
				ONLY_ACTIVE_ARCH = YES;
				SDKROOT = macosx;
				SWIFT_ACTIVE_COMPILATION_CONDITIONS = DEBUG;
				SWIFT_OPTIMIZATION_LEVEL = "-Onone";
			};
			name = Debug;
		};
		AE06992922850D9400E53797 /* Release */ = {
			isa = XCBuildConfiguration;
			buildSettings = {
				ALWAYS_SEARCH_USER_PATHS = NO;
				CLANG_ANALYZER_NONNULL = YES;
				CLANG_ANALYZER_NUMBER_OBJECT_CONVERSION = YES_AGGRESSIVE;
				CLANG_CXX_LANGUAGE_STANDARD = "gnu++14";
				CLANG_CXX_LIBRARY = "libc++";
				CLANG_ENABLE_MODULES = YES;
				CLANG_ENABLE_OBJC_ARC = YES;
				CLANG_ENABLE_OBJC_WEAK = YES;
				CLANG_WARN_BLOCK_CAPTURE_AUTORELEASING = YES;
				CLANG_WARN_BOOL_CONVERSION = YES;
				CLANG_WARN_COMMA = YES;
				CLANG_WARN_CONSTANT_CONVERSION = YES;
				CLANG_WARN_DEPRECATED_OBJC_IMPLEMENTATIONS = YES;
				CLANG_WARN_DIRECT_OBJC_ISA_USAGE = YES_ERROR;
				CLANG_WARN_DOCUMENTATION_COMMENTS = YES;
				CLANG_WARN_EMPTY_BODY = YES;
				CLANG_WARN_ENUM_CONVERSION = YES;
				CLANG_WARN_INFINITE_RECURSION = YES;
				CLANG_WARN_INT_CONVERSION = YES;
				CLANG_WARN_NON_LITERAL_NULL_CONVERSION = YES;
				CLANG_WARN_OBJC_IMPLICIT_RETAIN_SELF = YES;
				CLANG_WARN_OBJC_LITERAL_CONVERSION = YES;
				CLANG_WARN_OBJC_ROOT_CLASS = YES_ERROR;
				CLANG_WARN_RANGE_LOOP_ANALYSIS = YES;
				CLANG_WARN_STRICT_PROTOTYPES = YES;
				CLANG_WARN_SUSPICIOUS_MOVE = YES;
				CLANG_WARN_UNGUARDED_AVAILABILITY = YES_AGGRESSIVE;
				CLANG_WARN_UNREACHABLE_CODE = YES;
				CLANG_WARN__DUPLICATE_METHOD_MATCH = YES;
				CODE_SIGN_IDENTITY = "Mac Developer";
				COPY_PHASE_STRIP = NO;
				DEBUG_INFORMATION_FORMAT = "dwarf-with-dsym";
				ENABLE_NS_ASSERTIONS = NO;
				ENABLE_STRICT_OBJC_MSGSEND = YES;
				GCC_C_LANGUAGE_STANDARD = gnu11;
				GCC_NO_COMMON_BLOCKS = YES;
				GCC_WARN_64_TO_32_BIT_CONVERSION = YES;
				GCC_WARN_ABOUT_RETURN_TYPE = YES_ERROR;
				GCC_WARN_UNDECLARED_SELECTOR = YES;
				GCC_WARN_UNINITIALIZED_AUTOS = YES_AGGRESSIVE;
				GCC_WARN_UNUSED_FUNCTION = YES;
				GCC_WARN_UNUSED_VARIABLE = YES;
				MACOSX_DEPLOYMENT_TARGET = 10.14;
				MTL_ENABLE_DEBUG_INFO = NO;
				MTL_FAST_MATH = YES;
				SDKROOT = macosx;
				SWIFT_COMPILATION_MODE = wholemodule;
				SWIFT_OPTIMIZATION_LEVEL = "-O";
			};
			name = Release;
		};
		AE06992B22850D9400E53797 /* Debug */ = {
			isa = XCBuildConfiguration;
			buildSettings = {
				ASSETCATALOG_COMPILER_APPICON_NAME = AppIcon;
				CODE_SIGN_ENTITLEMENTS = MyQQ/MyQQ.entitlements;
				CODE_SIGN_STYLE = Automatic;
				COMBINE_HIDPI_IMAGES = YES;
				DEVELOPMENT_TEAM = 9D43652ZYM;
				INFOPLIST_FILE = MyQQ/Info.plist;
				LD_RUNPATH_SEARCH_PATHS = (
					"$(inherited)",
					"@executable_path/../Frameworks",
				);
				PRODUCT_BUNDLE_IDENTIFIER = com.rion.MyQQ;
				PRODUCT_NAME = "$(TARGET_NAME)";
				SWIFT_VERSION = 5.0;
			};
			name = Debug;
		};
		AE06992C22850D9400E53797 /* Release */ = {
			isa = XCBuildConfiguration;
			buildSettings = {
				ASSETCATALOG_COMPILER_APPICON_NAME = AppIcon;
				CODE_SIGN_ENTITLEMENTS = MyQQ/MyQQ.entitlements;
				CODE_SIGN_STYLE = Automatic;
				COMBINE_HIDPI_IMAGES = YES;
				DEVELOPMENT_TEAM = 9D43652ZYM;
				INFOPLIST_FILE = MyQQ/Info.plist;
				LD_RUNPATH_SEARCH_PATHS = (
					"$(inherited)",
					"@executable_path/../Frameworks",
				);
				PRODUCT_BUNDLE_IDENTIFIER = com.rion.MyQQ;
				PRODUCT_NAME = "$(TARGET_NAME)";
				SWIFT_VERSION = 5.0;
			};
			name = Release;
		};
/* End XCBuildConfiguration section */

/* Begin XCConfigurationList section */
		AE06991522850D9200E53797 /* Build configuration list for PBXProject "MyQQ" */ = {
			isa = XCConfigurationList;
			buildConfigurations = (
				AE06992822850D9400E53797 /* Debug */,
				AE06992922850D9400E53797 /* Release */,
			);
			defaultConfigurationIsVisible = 0;
			defaultConfigurationName = Release;
		};
		AE06992A22850D9400E53797 /* Build configuration list for PBXNativeTarget "MyQQ" */ = {
			isa = XCConfigurationList;
			buildConfigurations = (
				AE06992B22850D9400E53797 /* Debug */,
				AE06992C22850D9400E53797 /* Release */,
			);
			defaultConfigurationIsVisible = 0;
			defaultConfigurationName = Release;
		};
/* End XCConfigurationList section */
	};
	rootObject = AE06991222850D9200E53797 /* Project object */;
}
